
Microsoft Visual Studio Solution File, Format Version 12.00
# Visual Studio Version 16
VisualStudioVersion = 16.0.30225.117
MinimumVisualStudioVersion = 10.0.40219.1
Project("{FAE04EC0-301F-11D3-BF4B-00C04F79EFBC}") = "LaureaLuca.WPF", "LaureaLuca.WPF.csproj", "{724F9ED8-9212-46AB-A8BC-23F3350DADF6}"
EndProject
Global
	GlobalSection(SolutionConfigurationPlatforms) = preSolution
		Debug|Any CPU = Debug|Any CPU
		Release|Any CPU = Release|Any CPU
	EndGlobalSection
	GlobalSection(ProjectConfigurationPlatforms) = postSolution
		{724F9ED8-9212-46AB-A8BC-23F3350DADF6}.Debug|Any CPU.ActiveCfg = Debug|Any CPU
		{724F9ED8-9212-46AB-A8BC-23F3350DADF6}.Debug|Any CPU.Build.0 = Debug|Any CPU
		{724F9ED8-9212-46AB-A8BC-23F3350DADF6}.Release|Any CPU.ActiveCfg = Release|Any CPU
		{724F9ED8-9212-46AB-A8BC-23F3350DADF6}.Release|Any CPU.Build.0 = Release|Any CPU
	EndGlobalSection
	GlobalSection(SolutionProperties) = preSolution
		HideSolutionNode = FALSE
	EndGlobalSection
	GlobalSection(ExtensibilityGlobals) = postSolution
		SolutionGuid = {BF7DACA4-29AC-4197-A632-55F400E27386}
	EndGlobalSection
EndGlobal
